lockfileVersion: '9.0'

settings:
  autoInstallPeers: true
  excludeLinksFromLockfile: false

importers:

  .:
    dependencies:
      '@microsoft/dataverse':
        specifier: 1.0.80
        version: 1.0.80

packages:

  '@microsoft/dataverse@1.0.80':
    resolution: {integrity: sha512-0ax+fMpWWOffwoPj/a5tQzJK9PZ8lBVG63WtdICNNCF5QFJXx+vheN7dos4P33EIoCowvhs5f1+eBVhzME1tBA==}
    engines: {node: '>=16.0.0'}
    cpu: [x64, arm64]
    os: [win32, darwin, linux]
    hasBin: true

snapshots:

  '@microsoft/dataverse@1.0.80': {}
