lockfileVersion: '9.0'

settings:
  autoInstallPeers: true
  excludeLinksFromLockfile: false

importers:

  .:
    dependencies:
      '@microsoft/dataverse':
        specifier: 1.0.77
        version: 1.0.77

packages:

  '@microsoft/dataverse@1.0.77':
    resolution: {integrity: sha512-NqgIkVzJvqkjhbRZEX2E00wWHBdnB9OORQ09TEQVIFafLP+4pmDoX0c9jIZPbYKDD7sdKF52ERupkLTycLbV8A==}
    engines: {node: '>=16.0.0'}
    cpu: [x64, arm64]
    os: [win32, darwin, linux]
    hasBin: true

snapshots:

  '@microsoft/dataverse@1.0.77': {}
